// !$*UTF8*$!
{ archiveVersion = "1"; classes = {  }; objectVersion = "60"; objects = { FCE05C718F21598D5E3C2B8A = { isa = "PBXFileReference"; lastKnownFileType = "sourcecode.swift"; path = "App/APIClient.swift"; sourceTree = "<group>"; }; 154988FB920EF3E60F892F7E = { isa = "PBXBuildFile"; fileRef = "FCE05C718F21598D5E3C2B8A"; }; 17A8339F37E3CF34A19DB995 = { isa = "PBXFileReference"; lastKnownFileType = "sourcecode.swift"; path = "App/AudioVerification.swift"; sourceTree = "<group>"; }; A0B6D2600BE518932A5D7152 = { isa = "PBXBuildFile"; fileRef = "17A8339F37E3CF34A19DB995"; }; 759D39C95153A9E3FB041A19 = { isa = "PBXFileReference"; lastKnownFileType = "sourcecode.swift"; path = "App/ConversationCoordinator.swift"; sourceTree = "<group>"; }; 273D994D8965BC00035D1200 = { isa = "PBXBuildFile"; fileRef = "759D39C95153A9E3FB041A19"; }; D19555BBAB6E1B2AA0B80BB3 = { isa = "PBXFileReference"; lastKnownFileType = "sourcecode.swift"; path = "App/Design.swift"; sourceTree = "<group>"; }; 245D22167BA283716B355B1C = { isa = "PBXBuildFile"; fileRef = "D19555BBAB6E1B2AA0B80BB3"; }; 776D8E9B6FD5B78A8BD6FAE8 = { isa = "PBXFileReference"; lastKnownFileType = "sourcecode.swift"; path = "App/LanguageVerification.swift"; sourceTree = "<group>"; }; 5C712F3DF2D3E95C0C674B79 = { isa = "PBXBuildFile"; fileRef = "776D8E9B6FD5B78A8BD6FAE8"; }; 52E7F86AAFE093AFF8777EE7 = { isa = "PBXFileReference"; lastKnownFileType = "sourcecode.swift"; path = "App/LibraryViews.swift"; sourceTree = "<group>"; }; 0F8A79DDD576C3E85412A7B8 = { isa = "PBXBuildFile"; fileRef = "52E7F86AAFE093AFF8777EE7"; }; 36C094DEEF5478FD1D0CEC87 = { isa = "PBXFileReference"; lastKnownFileType = "sourcecode.swift"; path = "App/LiveTransport.swift"; sourceTree = "<group>"; }; 2024CD89583A07C9D26560CC = { isa = "PBXBuildFile"; fileRef = "36C094DEEF5478FD1D0CEC87"; }; 167003576D4441DE92DCC3D4 = { isa = "PBXFileReference"; lastKnownFileType = "sourcecode.swift"; path = "App/ManagedAccountClient.swift"; sourceTree = "<group>"; }; 41DF0EC24455EE5E3A559D17 = { isa = "PBXBuildFile"; fileRef = "167003576D4441DE92DCC3D4"; }; 502FDED244BB60EC165C1136 = { isa = "PBXFileReference"; lastKnownFileType = "sourcecode.swift"; path = "App/ManagedAccountIdentity.swift"; sourceTree = "<group>"; }; BDF5B3F738A699CCEE875B4E = { isa = "PBXBuildFile"; fileRef = "502FDED244BB60EC165C1136"; }; A1B8A96E8B76CC66C81F0BCC = { isa = "PBXFileReference"; lastKnownFileType = "sourcecode.swift"; path = "App/ManagedAccountStore.swift"; sourceTree = "<group>"; }; 5FCAA2688BB24D8AD2545F44 = { isa = "PBXBuildFile"; fileRef = "A1B8A96E8B76CC66C81F0BCC"; }; 495EF410ACF9B888ABAE764B = { isa = "PBXFileReference"; lastKnownFileType = "sourcecode.swift"; path = "App/ManagedAccountView.swift"; sourceTree = "<group>"; }; 7FEB43D73F8AA2D78911ED54 = { isa = "PBXBuildFile"; fileRef = "495EF410ACF9B888ABAE764B"; }; 439A75EB123FD6F2C8CF05F7 = { isa = "PBXFileReference"; lastKnownFileType = "sourcecode.swift"; path = "App/MuralApp.swift"; sourceTree = "<group>"; }; C2B074E4562C738C34B027E7 = { isa = "PBXBuildFile"; fileRef = "439A75EB123FD6F2C8CF05F7"; }; 60246B630B9710861B3A92C8 = { isa = "PBXFileReference"; lastKnownFileType = "sourcecode.swift"; path = "App/OnboardingView.swift"; sourceTree = "<group>"; }; 0C4401855C7FF4E68EFAD02B = { isa = "PBXBuildFile"; fileRef = "60246B630B9710861B3A92C8"; }; 9F29EE80AF58D60756B49055 = { isa = "PBXFileReference"; lastKnownFileType = "sourcecode.swift"; path = "App/OpenRouterAPIClient.swift"; sourceTree = "<group>"; }; B44BA45167CB8840F71CE104 = { isa = "PBXBuildFile"; fileRef = "9F29EE80AF58D60756B49055"; }; 4F5C916081A6E4B44DADE65F = { isa = "PBXFileReference"; lastKnownFileType = "sourcecode.swift"; path = "App/OpenRouterModels.swift"; sourceTree = "<group>"; }; E985DDA0052D848321777D88 = { isa = "PBXBuildFile"; fileRef = "4F5C916081A6E4B44DADE65F"; }; 569482FA5ED72ED419D33A3A = { isa = "PBXFileReference"; lastKnownFileType = "sourcecode.swift"; path = "App/OpenRouterVoiceSession.swift"; sourceTree = "<group>"; }; 2DC199F0523A1245396CBF87 = { isa = "PBXBuildFile"; fileRef = "569482FA5ED72ED419D33A3A"; }; 9C9876BD4933AC77469BEB40 = { isa = "PBXFileReference"; lastKnownFileType = "sourcecode.swift"; path = "App/PinyinHelp.swift"; sourceTree = "<group>"; }; 565F884A6BB7B27A0FF91936 = { isa = "PBXBuildFile"; fileRef = "9C9876BD4933AC77469BEB40"; }; 90F1F2330C30ACADD8A0EB61 = { isa = "PBXFileReference"; lastKnownFileType = "sourcecode.swift"; path = "App/RootView.swift"; sourceTree = "<group>"; }; 9C82C4C689A2A527CABDECD8 = { isa = "PBXBuildFile"; fileRef = "90F1F2330C30ACADD8A0EB61"; }; 77E6BD4E475A97F72503349E = { isa = "PBXFileReference"; lastKnownFileType = "sourcecode.swift"; path = "App/ScreenshotPreview.swift"; sourceTree = "<group>"; }; 963B06CDF446F1F28F2C30B8 = { isa = "PBXBuildFile"; fileRef = "77E6BD4E475A97F72503349E"; }; 18655DB5C7FFC1F7492F810C = { isa = "PBXFileReference"; lastKnownFileType = "sourcecode.swift"; path = "App/Storage.swift"; sourceTree = "<group>"; }; 16FB3C9033FE273824B3912E = { isa = "PBXBuildFile"; fileRef = "18655DB5C7FFC1F7492F810C"; }; 3685E330EC5277A9DD5661C6 = { isa = "PBXFileReference"; lastKnownFileType = "folder.assetcatalog"; path = "App/Assets.xcassets"; sourceTree = "<group>"; }; 51586EC659573475D91CFF77 = { isa = "PBXFileReference"; lastKnownFileType = "text"; path = "App/ThirdPartyNotices.txt"; sourceTree = "<group>"; }; 96ED5C5789B174A01557791C = { isa = "PBXFileReference"; lastKnownFileType = "text.xml"; path = "App/PrivacyInfo.xcprivacy"; sourceTree = "<group>"; }; 5A196401BBDDBC909972A38B = { isa = "PBXFileReference"; lastKnownFileType = "text.xcconfig"; path = "Config/Signing.xcconfig"; sourceTree = "<group>"; }; 1748188CE7B2BD05F5954E25 = { isa = "PBXFileReference"; lastKnownFileType = "sourcecode.swift"; path = "UITests/MuralUITests.swift"; sourceTree = "<group>"; }; 38A007151ABE87CC01A5B6E9 = { isa = "PBXFileReference"; explicitFileType = "wrapper.application"; path = "Mural.app"; sourceTree = "BUILT_PRODUCTS_DIR"; }; F219C0274590DA45E4BEF1EA = { isa = "PBXFileReference"; explicitFileType = "wrapper.cfbundle"; path = "MuralUITests.xctest"; sourceTree = "BUILT_PRODUCTS_DIR"; }; FBDC4F23F93125BBEEAE800C = { isa = "PBXGroup"; children = ( "38A007151ABE87CC01A5B6E9", "F219C0274590DA45E4BEF1EA", ); name = "Products"; sourceTree = "<group>"; }; B28B7AF69320201D1CF206EB = { isa = "PBXGroup"; children = ( "FCE05C718F21598D5E3C2B8A", "17A8339F37E3CF34A19DB995", "759D39C95153A9E3FB041A19", "D19555BBAB6E1B2AA0B80BB3", "776D8E9B6FD5B78A8BD6FAE8", "52E7F86AAFE093AFF8777EE7", "36C094DEEF5478FD1D0CEC87", "167003576D4441DE92DCC3D4", "502FDED244BB60EC165C1136", "A1B8A96E8B76CC66C81F0BCC", "495EF410ACF9B888ABAE764B", "439A75EB123FD6F2C8CF05F7", "60246B630B9710861B3A92C8", "9F29EE80AF58D60756B49055", "4F5C916081A6E4B44DADE65F", "569482FA5ED72ED419D33A3A", "9C9876BD4933AC77469BEB40", "90F1F2330C30ACADD8A0EB61", "77E6BD4E475A97F72503349E", "18655DB5C7FFC1F7492F810C", "3685E330EC5277A9DD5661C6", "51586EC659573475D91CFF77", "96ED5C5789B174A01557791C", "5A196401BBDDBC909972A38B", "1748188CE7B2BD05F5954E25", "FBDC4F23F93125BBEEAE800C", ); sourceTree = "<group>"; }; FD7386993452CC667350B4BB = { isa = "XCLocalSwiftPackageReference"; relativePath = "."; }; 0B77AA74C4F47F3839512FE2 = { isa = "XCRemoteSwiftPackageReference"; repositoryURL = "https://github.com/stasel/WebRTC.git"; requirement = { kind = "exactVersion"; version = "152.0.0"; }; }; 94A0426E8D3203DA5468CCF0 = { isa = "XCSwiftPackageProductDependency"; package = "FD7386993452CC667350B4BB"; productName = "MuralCore"; }; 01B618ABE573C4FE9E8BD701 = { isa = "XCSwiftPackageProductDependency"; package = "0B77AA74C4F47F3839512FE2"; productName = "WebRTC"; }; ABFE60E429B642B2B45ADF15 = { isa = "PBXBuildFile"; productRef = "94A0426E8D3203DA5468CCF0"; }; C33DF9D2E97DB55ABAAD5242 = { isa = "PBXBuildFile"; productRef = "01B618ABE573C4FE9E8BD701"; }; 7561BFB015D8F536760CB671 = { isa = "PBXFrameworksBuildPhase"; buildActionMask = "2147483647"; files = ( "ABFE60E429B642B2B45ADF15", "C33DF9D2E97DB55ABAAD5242", ); runOnlyForDeploymentPostprocessing = "0"; }; BCE16DD0260827ECF338C787 = { isa = "PBXSourcesBuildPhase"; buildActionMask = "2147483647"; files = ( "154988FB920EF3E60F892F7E", "A0B6D2600BE518932A5D7152", "273D994D8965BC00035D1200", "245D22167BA283716B355B1C", "5C712F3DF2D3E95C0C674B79", "0F8A79DDD576C3E85412A7B8", "2024CD89583A07C9D26560CC", "41DF0EC24455EE5E3A559D17", "BDF5B3F738A699CCEE875B4E", "5FCAA2688BB24D8AD2545F44", "7FEB43D73F8AA2D78911ED54", "C2B074E4562C738C34B027E7", "0C4401855C7FF4E68EFAD02B", "B44BA45167CB8840F71CE104", "E985DDA0052D848321777D88", "2DC199F0523A1245396CBF87", "565F884A6BB7B27A0FF91936", "9C82C4C689A2A527CABDECD8", "963B06CDF446F1F28F2C30B8", "16FB3C9033FE273824B3912E", ); runOnlyForDeploymentPostprocessing = "0"; }; AA400DFD4219F700A8EA7668 = { isa = "PBXBuildFile"; fileRef = "3685E330EC5277A9DD5661C6"; }; 9C1AA89A6CD2C46FDAC79981 = { isa = "PBXBuildFile"; fileRef = "51586EC659573475D91CFF77"; }; 1ECEA647854BE794015C1169 = { isa = "PBXBuildFile"; fileRef = "96ED5C5789B174A01557791C"; }; 0189424A5A60FED329FA868E = { isa = "PBXResourcesBuildPhase"; buildActionMask = "2147483647"; files = ( "AA400DFD4219F700A8EA7668", "9C1AA89A6CD2C46FDAC79981", "1ECEA647854BE794015C1169", ); runOnlyForDeploymentPostprocessing = "0"; }; 7082CC0B6FC1282FCEABD07A = { isa = "XCBuildConfiguration"; buildSettings = { PRODUCT_BUNDLE_IDENTIFIER = "no.william.mural"; PRODUCT_NAME = "$(TARGET_NAME)"; TARGETED_DEVICE_FAMILY = "1"; GENERATE_INFOPLIST_FILE = "NO"; INFOPLIST_FILE = "App/Info.plist"; CODE_SIGN_STYLE = "Automatic"; MARKETING_VERSION = "0.1.0"; CURRENT_PROJECT_VERSION = "1"; ASSETCATALOG_COMPILER_APPICON_NAME = "AppIcon"; ASSETCATALOG_COMPILER_GLOBAL_ACCENT_COLOR_NAME = "AccentColor"; LD_RUNPATH_SEARCH_PATHS = ( "$(inherited)", "@executable_path/Frameworks", ); ENABLE_PREVIEWS = "YES"; SUPPORTED_PLATFORMS = "iphoneos iphonesimulator"; CODE_SIGN_ENTITLEMENTS = "$(MURAL_APPLE_ENTITLEMENTS)"; SWIFT_ACTIVE_COMPILATION_CONDITIONS = "$(inherited) $(MURAL_APPLE_SWIFT_FLAGS)"; }; name = "Debug"; baseConfigurationReference = "5A196401BBDDBC909972A38B"; }; 639A7CA24D39909E713B47F7 = { isa = "XCBuildConfiguration"; buildSettings = { PRODUCT_BUNDLE_IDENTIFIER = "no.william.mural"; PRODUCT_NAME = "$(TARGET_NAME)"; TARGETED_DEVICE_FAMILY = "1"; GENERATE_INFOPLIST_FILE = "NO"; INFOPLIST_FILE = "App/Info.plist"; CODE_SIGN_STYLE = "Automatic"; MARKETING_VERSION = "0.1.0"; CURRENT_PROJECT_VERSION = "1"; ASSETCATALOG_COMPILER_APPICON_NAME = "AppIcon"; ASSETCATALOG_COMPILER_GLOBAL_ACCENT_COLOR_NAME = "AccentColor"; LD_RUNPATH_SEARCH_PATHS = ( "$(inherited)", "@executable_path/Frameworks", ); ENABLE_PREVIEWS = "YES"; SUPPORTED_PLATFORMS = "iphoneos iphonesimulator"; CODE_SIGN_ENTITLEMENTS = "$(MURAL_APPLE_ENTITLEMENTS)"; SWIFT_ACTIVE_COMPILATION_CONDITIONS = "$(inherited) $(MURAL_APPLE_SWIFT_FLAGS)"; }; name = "Release"; baseConfigurationReference = "5A196401BBDDBC909972A38B"; }; C57128001CE614BF8549D6BB = { isa = "XCConfigurationList"; buildConfigurations = ( "7082CC0B6FC1282FCEABD07A", "639A7CA24D39909E713B47F7", ); defaultConfigurationIsVisible = "0"; defaultConfigurationName = "Release"; }; 0E8A3AD980EC179856012B7E = { isa = "PBXNativeTarget"; buildConfigurationList = "C57128001CE614BF8549D6BB"; buildPhases = ( "BCE16DD0260827ECF338C787", "7561BFB015D8F536760CB671", "0189424A5A60FED329FA868E", ); buildRules = (); dependencies = (); name = "Mural"; packageProductDependencies = ( "94A0426E8D3203DA5468CCF0", "01B618ABE573C4FE9E8BD701", ); productName = "Mural"; productReference = "38A007151ABE87CC01A5B6E9"; productType = "com.apple.product-type.application"; }; 4760E3A8BB4919668138303E = { isa = "PBXBuildFile"; fileRef = "1748188CE7B2BD05F5954E25"; }; 6E431EB0650617AA1756B320 = { isa = "PBXSourcesBuildPhase"; buildActionMask = "2147483647"; files = ( "4760E3A8BB4919668138303E", ); runOnlyForDeploymentPostprocessing = "0"; }; E9CA66683FF22D7B8CC65928 = { isa = "PBXContainerItemProxy"; containerPortal = "98F54143AB4E86B28C3AFEE0"; proxyType = "1"; remoteGlobalIDString = "0E8A3AD980EC179856012B7E"; remoteInfo = "Mural"; }; C58B1D22E6B06406536A4294 = { isa = "PBXTargetDependency"; target = "0E8A3AD980EC179856012B7E"; targetProxy = "E9CA66683FF22D7B8CC65928"; }; 0F3D67935A4F199E058A017A = { isa = "XCBuildConfiguration"; buildSettings = { PRODUCT_BUNDLE_IDENTIFIER = "no.william.mural.uitests"; PRODUCT_NAME = "$(TARGET_NAME)"; GENERATE_INFOPLIST_FILE = "YES"; TEST_TARGET_NAME = "Mural"; TARGETED_DEVICE_FAMILY = "1"; CODE_SIGN_STYLE = "Automatic"; }; name = "Debug"; baseConfigurationReference = "5A196401BBDDBC909972A38B"; }; 20B70E15FDC36C625E57F658 = { isa = "XCBuildConfiguration"; buildSettings = { PRODUCT_BUNDLE_IDENTIFIER = "no.william.mural.uitests"; PRODUCT_NAME = "$(TARGET_NAME)"; GENERATE_INFOPLIST_FILE = "YES"; TEST_TARGET_NAME = "Mural"; TARGETED_DEVICE_FAMILY = "1"; CODE_SIGN_STYLE = "Automatic"; }; name = "Release"; baseConfigurationReference = "5A196401BBDDBC909972A38B"; }; 61AF5D6BEA2D148C6F2833BF = { isa = "XCConfigurationList"; buildConfigurations = ( "0F3D67935A4F199E058A017A", "20B70E15FDC36C625E57F658", ); defaultConfigurationIsVisible = "0"; defaultConfigurationName = "Release"; }; 64BCB755386F844C96A2A5B0 = { isa = "PBXNativeTarget"; buildConfigurationList = "61AF5D6BEA2D148C6F2833BF"; buildPhases = ( "6E431EB0650617AA1756B320", ); buildRules = (); dependencies = ( "C58B1D22E6B06406536A4294", ); name = "MuralUITests"; productName = "MuralUITests"; productReference = "F219C0274590DA45E4BEF1EA"; productType = "com.apple.product-type.bundle.ui-testing"; }; 89E1FD6268CC0F221A2BE178 = { isa = "XCBuildConfiguration"; buildSettings = { SDKROOT = "iphoneos"; IPHONEOS_DEPLOYMENT_TARGET = "26.1"; SWIFT_VERSION = "5.0"; CLANG_ENABLE_MODULES = "YES"; CLANG_ENABLE_OBJC_ARC = "YES"; SWIFT_STRICT_CONCURRENCY = "targeted"; SWIFT_OPTIMIZATION_LEVEL = "-Onone"; DEBUG_INFORMATION_FORMAT = "dwarf"; SWIFT_ACTIVE_COMPILATION_CONDITIONS = "DEBUG"; }; name = "Debug"; }; E6DE6C99132752C914FEF632 = { isa = "XCBuildConfiguration"; buildSettings = { SDKROOT = "iphoneos"; IPHONEOS_DEPLOYMENT_TARGET = "26.1"; SWIFT_VERSION = "5.0"; CLANG_ENABLE_MODULES = "YES"; CLANG_ENABLE_OBJC_ARC = "YES"; SWIFT_STRICT_CONCURRENCY = "targeted"; SWIFT_OPTIMIZATION_LEVEL = "-O"; DEBUG_INFORMATION_FORMAT = "dwarf-with-dsym"; }; name = "Release"; }; 862894B703A6DEDF96A9DD6C = { isa = "XCConfigurationList"; buildConfigurations = ( "89E1FD6268CC0F221A2BE178", "E6DE6C99132752C914FEF632", ); defaultConfigurationIsVisible = "0"; defaultConfigurationName = "Release"; }; 98F54143AB4E86B28C3AFEE0 = { isa = "PBXProject"; attributes = { BuildIndependentTargetsInParallel = "YES"; LastUpgradeCheck = "2640"; TargetAttributes = { 0E8A3AD980EC179856012B7E = { CreatedOnToolsVersion = "26.4"; }; 64BCB755386F844C96A2A5B0 = { CreatedOnToolsVersion = "26.4"; TestTargetID = "0E8A3AD980EC179856012B7E"; }; }; }; buildConfigurationList = "862894B703A6DEDF96A9DD6C"; compatibilityVersion = "Xcode 14.0"; developmentRegion = "en"; hasScannedForEncodings = "0"; knownRegions = ( "en", "nb", "Base", ); mainGroup = "B28B7AF69320201D1CF206EB"; packageReferences = ( "FD7386993452CC667350B4BB", "0B77AA74C4F47F3839512FE2", ); productRefGroup = "FBDC4F23F93125BBEEAE800C"; projectDirPath = ""; projectRoot = ""; targets = ( "0E8A3AD980EC179856012B7E", "64BCB755386F844C96A2A5B0", ); }; }; rootObject = "98F54143AB4E86B28C3AFEE0"; }
